
Microsoft Visual Studio Solution File, Format Version 12.00
# Visual Studio 15
VisualStudioVersion = 15.0.27428.2015
MinimumVisualStudioVersion = 10.0.40219.1
Project("{FAE04EC0-301F-11D3-BF4B-00C04F79EFBC}") = "Greetings.Android", "Greetings\Greetings.Android\Greetings.Android.csproj", "{E5C6A91F-B363-4369-AFB4-209A43882821}"
EndProject
Project("{D954291E-2A0B-460D-934E-DC6B0785DB48}") = "Greetings", "Greetings\Greetings\Greetings.shproj", "{6F47AEE0-47BC-441D-9644-6DE1AC29A69A}"
EndProject
Global
	GlobalSection(SharedMSBuildProjectFiles) = preSolution
		Greetings\Greetings\Greetings.projitems*{6f47aee0-47bc-441d-9644-6de1ac29a69a}*SharedItemsImports = 13
		Greetings\Greetings\Greetings.projitems*{e5c6a91f-b363-4369-afb4-209a43882821}*SharedItemsImports = 4
	EndGlobalSection
	GlobalSection(SolutionConfigurationPlatforms) = preSolution
		Debug|Any CPU = Debug|Any CPU
		Release|Any CPU = Release|Any CPU
	EndGlobalSection
	GlobalSection(ProjectConfigurationPlatforms) = postSolution
		{E5C6A91F-B363-4369-AFB4-209A43882821}.Debug|Any CPU.ActiveCfg = Debug|Any CPU
		{E5C6A91F-B363-4369-AFB4-209A43882821}.Debug|Any CPU.Build.0 = Debug|Any CPU
		{E5C6A91F-B363-4369-AFB4-209A43882821}.Debug|Any CPU.Deploy.0 = Debug|Any CPU
		{E5C6A91F-B363-4369-AFB4-209A43882821}.Release|Any CPU.ActiveCfg = Release|Any CPU
		{E5C6A91F-B363-4369-AFB4-209A43882821}.Release|Any CPU.Build.0 = Release|Any CPU
		{E5C6A91F-B363-4369-AFB4-209A43882821}.Release|Any CPU.Deploy.0 = Release|Any CPU
	EndGlobalSection
	GlobalSection(SolutionProperties) = preSolution
		HideSolutionNode = FALSE
	EndGlobalSection
	GlobalSection(ExtensibilityGlobals) = postSolution
		SolutionGuid = {4EC11272-470C-495A-8B0E-9B575BDAA633}
	EndGlobalSection
EndGlobal
